
Microsoft Visual Studio Solution File, Format Version 12.00
# Visual Studio Version 16
VisualStudioVersion = 16.0.32126.315
MinimumVisualStudioVersion = 10.0.40219.1
Project("{FAE04EC0-301F-11D3-BF4B-00C04F79EFBC}") = "DataAccess", "DataAccess\DataAccess.csproj", "{39EE877A-F27A-42D5-8CB2-4314EDCA1152}"
EndProject
Project("{FAE04EC0-301F-11D3-BF4B-00C04F79EFBC}") = "Business", "Business\Business.csproj", "{78EC95F5-BDD1-4EDE-A0AA-C0112DD7C98C}"
EndProject
Project("{FAE04EC0-301F-11D3-BF4B-00C04F79EFBC}") = "Entities", "Entities\Entities.csproj", "{2806537E-5A85-48E6-B923-EDF0378CF7ED}"
EndProject
Project("{FAE04EC0-301F-11D3-BF4B-00C04F79EFBC}") = "ConsoleUI", "ConsoleUI\ConsoleUI.csproj", "{7E5C7FC8-533C-4EB5-848B-D34FDEB796DC}"
EndProject
Global
	GlobalSection(SolutionConfigurationPlatforms) = preSolution
		Debug|Any CPU = Debug|Any CPU
		Release|Any CPU = Release|Any CPU
	EndGlobalSection
	GlobalSection(ProjectConfigurationPlatforms) = postSolution
		{39EE877A-F27A-42D5-8CB2-4314EDCA1152}.Debug|Any CPU.ActiveCfg = Debug|Any CPU
		{39EE877A-F27A-42D5-8CB2-4314EDCA1152}.Debug|Any CPU.Build.0 = Debug|Any CPU
		{39EE877A-F27A-42D5-8CB2-4314EDCA1152}.Release|Any CPU.ActiveCfg = Release|Any CPU
		{39EE877A-F27A-42D5-8CB2-4314EDCA1152}.Release|Any CPU.Build.0 = Release|Any CPU
		{78EC95F5-BDD1-4EDE-A0AA-C0112DD7C98C}.Debug|Any CPU.ActiveCfg = Debug|Any CPU
		{78EC95F5-BDD1-4EDE-A0AA-C0112DD7C98C}.Debug|Any CPU.Build.0 = Debug|Any CPU
		{78EC95F5-BDD1-4EDE-A0AA-C0112DD7C98C}.Release|Any CPU.ActiveCfg = Release|Any CPU
		{78EC95F5-BDD1-4EDE-A0AA-C0112DD7C98C}.Release|Any CPU.Build.0 = Release|Any CPU
		{2806537E-5A85-48E6-B923-EDF0378CF7ED}.Debug|Any CPU.ActiveCfg = Debug|Any CPU
		{2806537E-5A85-48E6-B923-EDF0378CF7ED}.Debug|Any CPU.Build.0 = Debug|Any CPU
		{2806537E-5A85-48E6-B923-EDF0378CF7ED}.Release|Any CPU.ActiveCfg = Release|Any CPU
		{2806537E-5A85-48E6-B923-EDF0378CF7ED}.Release|Any CPU.Build.0 = Release|Any CPU
		{7E5C7FC8-533C-4EB5-848B-D34FDEB796DC}.Debug|Any CPU.ActiveCfg = Debug|Any CPU
		{7E5C7FC8-533C-4EB5-848B-D34FDEB796DC}.Debug|Any CPU.Build.0 = Debug|Any CPU
		{7E5C7FC8-533C-4EB5-848B-D34FDEB796DC}.Release|Any CPU.ActiveCfg = Release|Any CPU
		{7E5C7FC8-533C-4EB5-848B-D34FDEB796DC}.Release|Any CPU.Build.0 = Release|Any CPU
	EndGlobalSection
	GlobalSection(SolutionProperties) = preSolution
		HideSolutionNode = FALSE
	EndGlobalSection
	GlobalSection(ExtensibilityGlobals) = postSolution
		SolutionGuid = {927B5D18-4330-4B23-9297-E16C40F83182}
	EndGlobalSection
EndGlobal
